PODS:
  - dot-document (3.3.4):
    - sam (= 2.2.0)
  - dot-face-background-uniformity (4.10.0):
    - dot-face-core (= 4.10.0)
  - dot-face-core (4.10.0):
    - iface (= 4.18.3)
  - dot-face-detection-fast (4.10.0):
    - dot-face-core (= 4.10.0)
  - dot-face-eye-gaze-liveness (4.10.0):
    - dot-face-core (= 4.10.0)
  - dot-face-passive-liveness (4.10.0):
    - dot-face-core (= 4.10.0)
  - dot-face-verification (4.10.0):
    - dot-face-core (= 4.10.0)
  - Flutter (1.0.0)
  - iface (4.18.3):
    - onnx (= 1.0.0)
  - kyc-sdk (1.6.5):
    - dot-document (= 3.3.4)
    - dot-face-background-uniformity (= 4.10.0)
    - dot-face-detection-fast (= 4.10.0)
    - dot-face-eye-gaze-liveness (= 4.10.0)
    - dot-face-passive-liveness (= 4.10.0)
    - dot-face-verification (= 4.10.0)
  - onnx (1.0.0)
  - permission_handler_apple (9.0.4):
    - Flutter
  - sam (2.2.0)

DEPENDENCIES:
  - Flutter (from `Flutter`)
  - kyc-sdk (from `../../sdk-kyc-iOS/kyc-sdk.podspec`)
  - permission_handler_apple (from `.symlinks/plugins/permission_handler_apple/ios`)

SPEC REPOS:
  https://github.com/innovatrics/innovatrics-podspecs:
    - dot-document
    - dot-face-background-uniformity
    - dot-face-core
    - dot-face-detection-fast
    - dot-face-eye-gaze-liveness
    - dot-face-passive-liveness
    - dot-face-verification
    - iface
    - onnx
    - sam

EXTERNAL SOURCES:
  Flutter:
    :path: Flutter
  kyc-sdk:
    :path: "../../sdk-kyc-iOS/kyc-sdk.podspec"
  permission_handler_apple:
    :path: ".symlinks/plugins/permission_handler_apple/ios"

SPEC CHECKSUMS:
  dot-document: f3956d469e3de07509fdda69456f3c9183a4fe35
  dot-face-background-uniformity: e8448a4b27aa34729d9e3a6080f072bf0f31f8f4
  dot-face-core: d8c9cf929bebbd90b8ca77afad789220fedc4cc3
  dot-face-detection-fast: 38579f998488263247d15f0d3354fac77deffbab
  dot-face-eye-gaze-liveness: adb2edabefc399b876fc930f84eaa3e266d4223c
  dot-face-passive-liveness: 478c160ea4c4412973fb514dff34675376320cd7
  dot-face-verification: ff1e3f410ff2cefd7e594ecbdbfc7f9dea6d4c64
  Flutter: 50d75fe2f02b26cc09d224853bb45737f8b3214a
  iface: ff47d41a36f6004c65d9f9a333a4b377a23b249c
  kyc-sdk: 27f79ab3a9345a756de68f85757910ee327807a7
  onnx: 9154dfb152168efe0aaf8ca2867835cee4afa69d
  permission_handler_apple: 44366e37eaf29454a1e7b1b7d736c2cceaeb17ce
  sam: ff662bfee8e834b79001e95f50bd0c4ca943fa98

PODFILE CHECKSUM: a567a2a5ea01ca64269ee24f67b6e57c60285257

COCOAPODS: 1.11.3
