PODS:
  - dot-document (3.3.4):
    - sam (= 2.2.0)
  - dot-face-background-uniformity (4.3.0):
    - dot-face-core (= 4.3.0)
  - dot-face-core (4.3.0):
    - iface (= 4.14.0)
  - dot-face-detection-fast (4.3.0):
    - dot-face-core (= 4.3.0)
  - dot-face-eye-gaze-liveness (4.3.0):
    - dot-face-core (= 4.3.0)
  - dot-face-passive-liveness (4.3.0):
    - dot-face-core (= 4.3.0)
  - dot-face-verification (4.3.0):
    - dot-face-core (= 4.3.0)
  - iface (4.14.0)
  - kyc-sdk (1.0.4):
    - dot-document (= 3.3.4)
    - dot-face-background-uniformity (= 4.3.0)
    - dot-face-detection-fast (= 4.3.0)
    - dot-face-eye-gaze-liveness (= 4.3.0)
    - dot-face-passive-liveness (= 4.3.0)
    - dot-face-verification (= 4.3.0)
  - sam (2.2.0)

DEPENDENCIES:
  - kyc-sdk

SPEC REPOS:
  https://github.com/innovatrics/innovatrics-podspecs:
    - dot-document
    - dot-face-background-uniformity
    - dot-face-core
    - dot-face-detection-fast
    - dot-face-eye-gaze-liveness
    - dot-face-passive-liveness
    - dot-face-verification
    - iface
    - sam
  https://github.com/vladyslav-shkoda/sdk-kyc-podspecs.git:
    - kyc-sdk

SPEC CHECKSUMS:
  dot-document: f3956d469e3de07509fdda69456f3c9183a4fe35
  dot-face-background-uniformity: 64d640d43ce4baaf26e9e7f8909b34a2aa4c7af3
  dot-face-core: f7d546c08b1c4add073b3a8b3cd24386f51f742e
  dot-face-detection-fast: 07ce73f8ac4d96e9d77c19d53a5fd7d222e42079
  dot-face-eye-gaze-liveness: 494b7f698cf5d202e727df32d97383f67e22f073
  dot-face-passive-liveness: 22834bcb8af800e7f3d47bb0296147372e88fb48
  dot-face-verification: d78c6dcebe62b04242e945a92dca4626736a9992
  iface: 6278916949386868b03712814828c9431dba28af
  kyc-sdk: 94ee62f330059d951417a47531b7cd73610b1d48
  sam: ff662bfee8e834b79001e95f50bd0c4ca943fa98

PODFILE CHECKSUM: 1611112b1d498cfde71a7f37f62b6248a38b6ae0

COCOAPODS: 1.11.3
